
Microsoft Visual Studio Solution File, Format Version 12.00
# Visual Studio Version 17
VisualStudioVersion = 17.8.34330.188
MinimumVisualStudioVersion = 10.0.40219.1
Project("{FAE04EC0-301F-11D3-BF4B-00C04F79EFBC}") = "Maths", "Maths\Maths.csproj", "{8754FE6F-5908-4D05-9C13-341585B80C15}"
EndProject
Global
	GlobalSection(SolutionConfigurationPlatforms) = preSolution
		Debug|Any CPU = Debug|Any CPU
		Release|Any CPU = Release|Any CPU
	EndGlobalSection
	GlobalSection(ProjectConfigurationPlatforms) = postSolution
		{8754FE6F-5908-4D05-9C13-341585B80C15}.Debug|Any CPU.ActiveCfg = Debug|Any CPU
		{8754FE6F-5908-4D05-9C13-341585B80C15}.Debug|Any CPU.Build.0 = Debug|Any CPU
		{8754FE6F-5908-4D05-9C13-341585B80C15}.Release|Any CPU.ActiveCfg = Release|Any CPU
		{8754FE6F-5908-4D05-9C13-341585B80C15}.Release|Any CPU.Build.0 = Release|Any CPU
	EndGlobalSection
	GlobalSection(SolutionProperties) = preSolution
		HideSolutionNode = FALSE
	EndGlobalSection
	GlobalSection(ExtensibilityGlobals) = postSolution
		SolutionGuid = {D4D8B379-61B4-4825-BA13-46A901FF62AA}
	EndGlobalSection
EndGlobal
